
Microsoft Visual Studio Solution File, Format Version 12.00
# Visual Studio Version 17
VisualStudioVersion = 17.14.36310.24
MinimumVisualStudioVersion = 10.0.40219.1
Project("{FAE04EC0-301F-11D3-BF4B-00C04F79EFBC}") = "IKEA.PL", "IKEA.PL\IKEA.PL.csproj", "{B4FA3BF0-FAAE-4749-ADED-BC488213C5C3}"
EndProject
Project("{FAE04EC0-301F-11D3-BF4B-00C04F79EFBC}") = "BLL", "BLL\BLL.csproj", "{7720D08D-2EBC-4151-B4F1-637A73161E12}"
EndProject
Project("{FAE04EC0-301F-11D3-BF4B-00C04F79EFBC}") = "DAL", "DAL\DAL.csproj", "{148081F3-F8D9-4692-8C20-3F4A1CF3443C}"
EndProject
Global
	GlobalSection(SolutionConfigurationPlatforms) = preSolution
		Debug|Any CPU = Debug|Any CPU
		Release|Any CPU = Release|Any CPU
	EndGlobalSection
	GlobalSection(ProjectConfigurationPlatforms) = postSolution
		{B4FA3BF0-FAAE-4749-ADED-BC488213C5C3}.Debug|Any CPU.ActiveCfg = Debug|Any CPU
		{B4FA3BF0-FAAE-4749-ADED-BC488213C5C3}.Debug|Any CPU.Build.0 = Debug|Any CPU
		{B4FA3BF0-FAAE-4749-ADED-BC488213C5C3}.Release|Any CPU.ActiveCfg = Release|Any CPU
		{B4FA3BF0-FAAE-4749-ADED-BC488213C5C3}.Release|Any CPU.Build.0 = Release|Any CPU
		{7720D08D-2EBC-4151-B4F1-637A73161E12}.Debug|Any CPU.ActiveCfg = Debug|Any CPU
		{7720D08D-2EBC-4151-B4F1-637A73161E12}.Debug|Any CPU.Build.0 = Debug|Any CPU
		{7720D08D-2EBC-4151-B4F1-637A73161E12}.Release|Any CPU.ActiveCfg = Release|Any CPU
		{7720D08D-2EBC-4151-B4F1-637A73161E12}.Release|Any CPU.Build.0 = Release|Any CPU
		{148081F3-F8D9-4692-8C20-3F4A1CF3443C}.Debug|Any CPU.ActiveCfg = Debug|Any CPU
		{148081F3-F8D9-4692-8C20-3F4A1CF3443C}.Debug|Any CPU.Build.0 = Debug|Any CPU
		{148081F3-F8D9-4692-8C20-3F4A1CF3443C}.Release|Any CPU.ActiveCfg = Release|Any CPU
		{148081F3-F8D9-4692-8C20-3F4A1CF3443C}.Release|Any CPU.Build.0 = Release|Any CPU
	EndGlobalSection
	GlobalSection(SolutionProperties) = preSolution
		HideSolutionNode = FALSE
	EndGlobalSection
	GlobalSection(ExtensibilityGlobals) = postSolution
		SolutionGuid = {FF7FC4AB-6A53-4AAE-97FD-5A01D42F8D33}
	EndGlobalSection
EndGlobal
